
Microsoft Visual Studio Solution File, Format Version 12.00
Project("{FAE04EC0-301F-11D3-BF4B-00C04F79EFBC}") = "KeybindFinder", "KeybindFinder.csproj", "{E8B641EF-6C73-435D-8FDA-9241910E070D}"
EndProject
Global
	GlobalSection(SolutionConfigurationPlatforms) = preSolution
		Debug|Any CPU = Debug|Any CPU
		Release|Any CPU = Release|Any CPU
	EndGlobalSection
	GlobalSection(ProjectConfigurationPlatforms) = postSolution
		{E8B641EF-6C73-435D-8FDA-9241910E070D}.Debug|Any CPU.ActiveCfg = Debug|Any CPU
		{E8B641EF-6C73-435D-8FDA-9241910E070D}.Debug|Any CPU.Build.0 = Debug|Any CPU
		{E8B641EF-6C73-435D-8FDA-9241910E070D}.Release|Any CPU.ActiveCfg = Release|Any CPU
		{E8B641EF-6C73-435D-8FDA-9241910E070D}.Release|Any CPU.Build.0 = Release|Any CPU
	EndGlobalSection
EndGlobal
